github.com/bnema/purego v0.11.0-bnema.4 h1:uQjx9QtM945rD6HkwYzPGuVN7wKr5HrFKIWE3kRprbs=
github.com/bnema/purego v0.11.0-bnema.4/go.mod h1:LHW8Sb4QO18dQaLVRU8tZCGM0SjsC+agFW/3M3nCUtg=
github.com/bnema/purego-cef v0.14.2 h1:0tKXT00gFvWUsL3A4sX4kzD+3XRmPOif0ccwO9iokqU=
github.com/bnema/purego-cef v0.14.2/go.mod h1:r+qCMwzuI+wq3xo189x3NAWWpALWoWwjtk+8wVCK1Eg=
github.com/bnema/puregotk v0.7.0 h1:jMaIbmHyWeexuaUrSa2Vo6rz1zGDt01gzaro09h/W6Y=
github.com/bnema/puregotk v0.7.0/go.mod h1:neNov5avH++/0PJzodv9Rg2zH87GfZX7KfRcpdUA1U8=
github.com/davecgh/go-spew v1.1.2-0.20180830191138-d8f796af33cc h1:U9qPSI2PIWSS1VwoXQT9A3Wy9MM3WgvqSxFWenqJduM=
github.com/davecgh/go-spew v1.1.2-0.20180830191138-d8f796af33cc/go.mod h1:J7Y8YcW2NihsgmVo/mv3lAwl/skON4iLHjSsI+c5H38=
github.com/pmezard/go-difflib v1.0.1-0.20181226105442-5d4384ee4fb2 h1:Jamvg5psRIccs7FGNTlIRMkT8wgtp5eCXdBlqhYGL6U=
github.com/pmezard/go-difflib v1.0.1-0.20181226105442-5d4384ee4fb2/go.mod h1:iKH77koFhYxTK1pcRnkKkqfTogsbg7gZNVY4sRDYZ/4=
github.com/stretchr/objx v0.5.3 h1:jmXUvGomnU1o3W/V5h2VEradbpJDwGrzugQQvL0POH4=
github.com/stretchr/objx v0.5.3/go.mod h1:rDQraq+vQZU7Fde9LOZLr8Tax6zZvy4kuNKF+QYS+U0=
github.com/stretchr/testify v1.11.1 h1:7s2iGBzp5EwR7/aIZr8ao5+dra3wiQyKjjFuvgVKu7U=
github.com/stretchr/testify v1.11.1/go.mod h1:wZwfW3scLgRK+23gO65QZefKpKQRnfz6sD981Nm4B6U=
golang.org/x/sys v0.43.0 h1:Rlag2XtaFTxp19wS8MXlJwTvoh8ArU6ezoyFsMyCTNI=
golang.org/x/sys v0.43.0/go.mod h1:4GL1E5IUh+htKOUEOaiffhrAeqysfVGipDYzABqnCmw=
gopkg.in/yaml.v3 v3.0.1 h1:fxVm/GzAzEWqLHuvctI91KS9hhNmmWOoWu0XTYJS7CA=
gopkg.in/yaml.v3 v3.0.1/go.mod h1:K4uyk7z7BCEPqu6E+C64Yfv1cQ7kz7rIZviUmN+EgEM=
